# This file is automatically @generated by Poetry 1.4.2 and should not be changed by hand.

[[package]]
name = "create-license"
version = "2.1.1"
description = "Easily create license files."
category = "dev"
optional = false
python-versions = ">=3.6"
files = [
    {file = "create-license-2.1.1.tar.gz", hash = "sha256:3bdd246e959f22c62bd2ea9d9f47508c29f3a6bb739ff63844ed411df44690e7"},
    {file = "create_license-2.1.1-py3-none-any.whl", hash = "sha256:411a31dce1bcf3804eaf0f62838a9be8c2ed87faac5e46f4d72004e92ab59785"},
]

[package.dependencies]
simplecfg = ">=2.0.0,<3.0.0"

[[package]]
name = "simplecfg"
version = "2.0.0"
description = "A library to easily manage program configuration."
category = "dev"
optional = false
python-versions = ">=3.3"
files = [
    {file = "simplecfg-2.0.0-py3-none-any.whl", hash = "sha256:abd88aae7628ddf792654f0d6672a06a0fa1d821b23cd72be70d42e01c5888ea"},
    {file = "simplecfg-2.0.0.tar.gz", hash = "sha256:37aa13d37133aa67de2404af41b6363d64fc1043f43ad0e86a2c683b05dcbe0b"},
]

[metadata]
lock-version = "2.0"
python-versions = "^3.6"
content-hash = "329f4f49cf95142f8f496e0fec09eef66e82470992d69f50a700648a7232d99b"
